
Microsoft Visual Studio Solution File, Format Version 12.00
# Visual Studio Version 17
VisualStudioVersion = 17.11.35312.102
MinimumVisualStudioVersion = 10.0.40219.1
Project("{FAE04EC0-301F-11D3-BF4B-00C04F79EFBC}") = "Air Trafic", "Air Trafic\Air Trafic.csproj", "{001151F8-FF3E-4F3C-9A15-557364E8B604}"
EndProject
Global
	GlobalSection(SolutionConfigurationPlatforms) = preSolution
		Debug|Any CPU = Debug|Any CPU
		Release|Any CPU = Release|Any CPU
	EndGlobalSection
	GlobalSection(ProjectConfigurationPlatforms) = postSolution
		{001151F8-FF3E-4F3C-9A15-557364E8B604}.Debug|Any CPU.ActiveCfg = Debug|Any CPU
		{001151F8-FF3E-4F3C-9A15-557364E8B604}.Debug|Any CPU.Build.0 = Debug|Any CPU
		{001151F8-FF3E-4F3C-9A15-557364E8B604}.Release|Any CPU.ActiveCfg = Release|Any CPU
		{001151F8-FF3E-4F3C-9A15-557364E8B604}.Release|Any CPU.Build.0 = Release|Any CPU
	EndGlobalSection
	GlobalSection(SolutionProperties) = preSolution
		HideSolutionNode = FALSE
	EndGlobalSection
	GlobalSection(ExtensibilityGlobals) = postSolution
		SolutionGuid = {09182CC6-7812-4432-90DE-ACD0D1EFDB9D}
	EndGlobalSection
EndGlobal
